{
  "requires": true,
  "lockfileVersion": 1,
  "dependencies": {
    "axentix": {
      "version": "0.5.2",
      "resolved": "https://registry.npmjs.org/axentix/-/axentix-0.5.2.tgz",
      "integrity": "sha512-M+c4cEHaGuNt5dlrPM/q85bur2+6CvwiNvN0uccn67/iAnhfunvissF1Tosp/x6eQ6s5/YttAe4IVgrBDSYkEg=="
    }
  }
}
